{
  "name": "@aims/pmo",
  "version": "0.1.0",
  "lockfileVersion": 3,
  "requires": true,
  "packages": {
    "": {
      "name": "@aims/pmo",
      "version": "0.1.0",
      "dependencies": {
        "perform": "file:../../perform",
        "postgres": "^3.4.5",
        "zod": "^3.23.8"
      },
      "devDependencies": {
        "typescript": "^5.6.0"
      }
    },
    "../../perform": {
      "version": "0.1.0",
      "dependencies": {
        "@aims/spinner": "file:../aims-tools/spinner",
        "@aims/tie-matrix": "file:../aims-tools/tie-matrix",
        "@dnd-kit/core": "^6.3.1",
        "@dnd-kit/sortable": "^10.0.0",
        "@dnd-kit/utilities": "^3.2.2",
        "@radix-ui/react-dialog": "^1.1.15",
        "firebase": "^11.0.0",
        "firebase-admin": "^13.0.0",
        "framer-motion": "^12.38.0",
        "google-auth-library": "^10.6.2",
        "lucide-react": "^0.460.0",
        "next": "^15.1.0",
        "postgres": "^3.4.5",
        "react": "^19.0.0",
        "react-dom": "^19.0.0",
        "react-vega": "^8.0.0",
        "stripe": "^22.0.1",
        "vega": "^6.2.0",
        "vega-lite": "^6.4.2",
        "zustand": "^5.0.12"
      },
      "devDependencies": {
        "@eslint/eslintrc": "^3",
        "@lhci/cli": "^0.14.0",
        "@playwright/test": "^1.59.1",
        "@types/node": "^22.0.0",
        "@types/react": "^19.0.0",
        "@types/react-dom": "^19.0.0",
        "autoprefixer": "^10.4.0",
        "eslint": "^9",
        "eslint-config-next": "^15.1.0",
        "postcss": "^8.4.0",
        "tailwindcss": "^3.4.0",
        "tsx": "^4.19.0",
        "typescript": "^5.7.0"
      },
      "engines": {
        "node": "^20.0.0 || ^22.0.0",
        "npm": ">=10.0.0"
      }
    },
    "node_modules/perform": {
      "resolved": "../../perform",
      "link": true
    },
    "node_modules/postgres": {
      "version": "3.4.9",
      "resolved": "https://registry.npmjs.org/postgres/-/postgres-3.4.9.tgz",
      "integrity": "sha512-GD3qdB0x1z9xgFI6cdRD6xu2Sp2WCOEoe3mtnyB5Ee0XrrL5Pe+e4CCnJrRMnL1zYtRDZmQQVbvOttLnKDLnaw==",
      "license": "Unlicense",
      "engines": {
        "node": ">=12"
      },
      "funding": {
        "type": "individual",
        "url": "https://github.com/sponsors/porsager"
      }
    },
    "node_modules/typescript": {
      "version": "5.9.3",
      "resolved": "https://registry.npmjs.org/typescript/-/typescript-5.9.3.tgz",
      "integrity": "sha512-jl1vZzPDinLr9eUt3J/t7V6FgNEw9QjvBPdysz9KfQDD41fQrC2Y4vKQdiaUpFT4bXlb1RHhLpp8wtm6M5TgSw==",
      "dev": true,
      "license": "Apache-2.0",
      "bin": {
        "tsc": "bin/tsc",
        "tsserver": "bin/tsserver"
      },
      "engines": {
        "node": ">=14.17"
      }
    },
    "node_modules/zod": {
      "version": "3.25.76",
      "resolved": "https://registry.npmjs.org/zod/-/zod-3.25.76.tgz",
      "integrity": "sha512-gzUt/qt81nXsFGKIFcC3YnfEAx5NkunCfnDlvuBSSFS02bcXu4Lmea0AFIUwbLWxWPx3d9p8S5QoaujKcNQxcQ==",
      "license": "MIT",
      "funding": {
        "url": "https://github.com/sponsors/colinhacks"
      }
    }
  }
}
